lockfileVersion: '9.0'

settings:
  autoInstallPeers: true
  excludeLinksFromLockfile: false

importers:

  .:
    dependencies:
      ollama-ai-provider:
        specifier: ^1.2.0
        version: 1.2.0

packages:

  '@ai-sdk/provider-utils@2.1.6':
    resolution: {integrity: sha512-Pfyaj0QZS22qyVn5Iz7IXcJ8nKIKlu2MeSAdKJzTwkAks7zdLaKVB+396Rqcp1bfQnxl7vaduQVMQiXUrgK8Gw==}
    engines: {node: '>=18'}
    peerDependencies:
      zod: ^3.0.0
    peerDependenciesMeta:
      zod:
        optional: true

  '@ai-sdk/provider@1.0.7':
    resolution: {integrity: sha512-q1PJEZ0qD9rVR+8JFEd01/QM++csMT5UVwYXSN2u54BrVw/D8TZLTeg2FEfKK00DgAx0UtWd8XOhhwITP9BT5g==}
    engines: {node: '>=18'}

  eventsource-parser@3.0.0:
    resolution: {integrity: sha512-T1C0XCUimhxVQzW4zFipdx0SficT651NnkR0ZSH3yQwh+mFMdLfgjABVi4YtMTtaL4s168593DaoaRLMqryavA==}
    engines: {node: '>=18.0.0'}

  json-schema@0.4.0:
    resolution: {integrity: sha512-es94M3nTIfsEPisRafak+HDLfHXnKBhV3vU5eqPcS3flIWqcxJWgXHXiey3YrpaNsanY5ei1VoYEbOzijuq9BA==}

  nanoid@3.3.8:
    resolution: {integrity: sha512-WNLf5Sd8oZxOm+TzppcYk8gVOgP+l58xNy58D0nbUnOxOWRWvlcCV4kUF7ltmI6PsrLl/BgKEyS4mqsGChFN0w==}
    engines: {node: ^10 || ^12 || ^13.7 || ^14 || >=15.0.1}
    hasBin: true

  ollama-ai-provider@1.2.0:
    resolution: {integrity: sha512-jTNFruwe3O/ruJeppI/quoOUxG7NA6blG3ZyQj3lei4+NnJo7bi3eIRWqlVpRlu/mbzbFXeJSBuYQWF6pzGKww==}
    engines: {node: '>=18'}
    peerDependencies:
      zod: ^3.0.0
    peerDependenciesMeta:
      zod:
        optional: true

  partial-json@0.1.7:
    resolution: {integrity: sha512-Njv/59hHaokb/hRUjce3Hdv12wd60MtM9Z5Olmn+nehe0QDAsRtRbJPvJ0Z91TusF0SuZRIvnM+S4l6EIP8leA==}

  secure-json-parse@2.7.0:
    resolution: {integrity: sha512-6aU+Rwsezw7VR8/nyvKTx8QpWH9FrcYiXXlqC4z5d5XQBDRqtbfsRjnwGyqbi3gddNtWHuEk9OANUotL26qKUw==}

snapshots:

  '@ai-sdk/provider-utils@2.1.6':
    dependencies:
      '@ai-sdk/provider': 1.0.7
      eventsource-parser: 3.0.0
      nanoid: 3.3.8
      secure-json-parse: 2.7.0

  '@ai-sdk/provider@1.0.7':
    dependencies:
      json-schema: 0.4.0

  eventsource-parser@3.0.0: {}

  json-schema@0.4.0: {}

  nanoid@3.3.8: {}

  ollama-ai-provider@1.2.0:
    dependencies:
      '@ai-sdk/provider': 1.0.7
      '@ai-sdk/provider-utils': 2.1.6
      partial-json: 0.1.7

  partial-json@0.1.7: {}

  secure-json-parse@2.7.0: {}
